schema: '2.0'
stages:
  train:
    cmd: python src/experiments/run_experiment.py
    deps:
    - path: dataset/DFDC
      hash: md5
      md5: d09bddbb65fecace36848c7b88715f87.dir
      size: 35422431
      nfiles: 1518
    - path: src/experiments/run_experiment.py
      hash: md5
      md5: f96925a57ee5e4e180e162001ff448bd
      size: 4143
    outs:
    - path: models/meso4.weights.h5
      hash: md5
      md5: df9f3795a68c8827ee8f9e4bf62ba81e
      size: 416624
  evaluate:
    cmd: python src/evaluate/evaluate_model.py
    deps:
    - path: models/meso4.weights.h5
      hash: md5
      md5: df9f3795a68c8827ee8f9e4bf62ba81e
      size: 416624
    - path: src/evaluate/evaluate_model.py
      hash: md5
      md5: edb56e6209fb4fca80be11025bc45724
      size: 2173
    outs:
    - path: results/evaluate/metrics.json
      hash: md5
      md5: 6523f8de26ffdc2c3236f57aef5915b5
      size: 153
